
Microsoft Visual Studio Solution File, Format Version 12.00
# Visual Studio 15
VisualStudioVersion = 15.0.27703.2042
MinimumVisualStudioVersion = 10.0.40219.1
Project("{9A19103F-16F7-4668-BE54-9A1E7A4F7556}") = "Ch03Ex05", "Ch03Ex05\Ch03Ex05.csproj", "{A3A75EE9-0ABE-4F69-9572-F7F59B42941E}"
EndProject
Project("{9A19103F-16F7-4668-BE54-9A1E7A4F7556}") = "ConsoleApp1", "ConsoleApp1\ConsoleApp1.csproj", "{E1C8A289-FDE6-45D9-B787-25DFE9255A64}"
EndProject
Project("{9A19103F-16F7-4668-BE54-9A1E7A4F7556}") = "Ch03Ex22", "Ch03Ex22\Ch03Ex22.csproj", "{1DF60851-B039-476B-8174-F89F65DBAF1F}"
EndProject
Project("{9A19103F-16F7-4668-BE54-9A1E7A4F7556}") = "Ch03Ex34", "Ch03Ex34\Ch03Ex34.csproj", "{5E354963-82BD-43D2-A65E-1423ABA8D2BB}"
EndProject
Project("{9A19103F-16F7-4668-BE54-9A1E7A4F7556}") = "Ch04Ex09", "Ch04Ex09\Ch04Ex09.csproj", "{899E7EAD-14E0-4A20-AE36-197893EFE46C}"
EndProject
Project("{9A19103F-16F7-4668-BE54-9A1E7A4F7556}") = "Ch04Ex11", "Ch04Ex11\Ch04Ex11.csproj", "{051FBBAB-CB8B-4378-BEBD-857D29536FB7}"
EndProject
Project("{9A19103F-16F7-4668-BE54-9A1E7A4F7556}") = "Ch04Ex14", "Ch04Ex14\Ch04Ex14.csproj", "{C7DB0A93-11A3-4CE2-B822-F6B2245D5337}"
EndProject
Project("{9A19103F-16F7-4668-BE54-9A1E7A4F7556}") = "Ch04Ex18", "Ch04Ex18\Ch04Ex18.csproj", "{10E9F663-BB81-4135-BFCE-7A12A867A635}"
EndProject
Project("{9A19103F-16F7-4668-BE54-9A1E7A4F7556}") = "QuadLibrary", "QuadLibrary\QuadLibrary.csproj", "{9FDE3CD3-C1BF-48BB-99E9-217E49F41726}"
EndProject
Project("{9A19103F-16F7-4668-BE54-9A1E7A4F7556}") = "Ch05Ex01", "Ch05Ex01\Ch05Ex01.csproj", "{99548455-EFBA-4CB5-9387-39B3AE4165E4}"
EndProject
Project("{9A19103F-16F7-4668-BE54-9A1E7A4F7556}") = "Ch05Ex02", "Ch05Ex02\Ch05Ex02.csproj", "{D40FDCFE-001F-4A92-9EFE-48BDB311E0E8}"
EndProject
Project("{9A19103F-16F7-4668-BE54-9A1E7A4F7556}") = "Ch04Ex16", "Ch04Ex16\Ch04Ex16.csproj", "{64DB432D-8F3C-4466-A9E1-695FC146836D}"
EndProject
Project("{9A19103F-16F7-4668-BE54-9A1E7A4F7556}") = "事件委托", "时间委托\事件委托.csproj", "{320A8B4C-9734-4B05-A11D-93CF6A552EEF}"
EndProject
Project("{9A19103F-16F7-4668-BE54-9A1E7A4F7556}") = "Ch05Ex03", "Ch05Ex03\Ch05Ex03.csproj", "{F0E058FA-EE9B-42A3-A4B1-10B673C90A7D}"
EndProject
Project("{9A19103F-16F7-4668-BE54-9A1E7A4F7556}") = "Ch05Ex04", "Ch05Ex04\Ch05Ex04.csproj", "{18FDE5D9-69B6-4AB4-8581-1A043BA74ACE}"
EndProject
Project("{9A19103F-16F7-4668-BE54-9A1E7A4F7556}") = "Ch05Ex05", "Ch05Ex05\Ch05Ex05.csproj", "{1A7C3F36-2E1E-48D8-8B4B-D9AA500FC9AA}"
EndProject
Project("{9A19103F-16F7-4668-BE54-9A1E7A4F7556}") = "Ch05Ex06", "Ch05Ex06\Ch05Ex06.csproj", "{C0AE4DEA-680E-49F1-BF72-0C37AE1F0BCA}"
EndProject
Project("{9A19103F-16F7-4668-BE54-9A1E7A4F7556}") = "zhengze", "zhengze\zhengze.csproj", "{50F08806-895F-4149-AEA1-39704F24A47B}"
EndProject
Project("{9A19103F-16F7-4668-BE54-9A1E7A4F7556}") = "Ch05Ex07", "Ch05Ex07\Ch05Ex07.csproj", "{C0FB72CB-817E-430E-A03D-7DFCCF0D471B}"
EndProject
Project("{9A19103F-16F7-4668-BE54-9A1E7A4F7556}") = "Ch05Ex08", "Ch05Ex08\Ch05Ex08.csproj", "{0C8CC27D-9E5B-4307-BE12-476F84A1688E}"
EndProject
Project("{9A19103F-16F7-4668-BE54-9A1E7A4F7556}") = "Ch05Ex09", "Ch05Ex09\Ch05Ex09.csproj", "{BFD7D334-DC08-4F6D-BE50-4D593BA93079}"
EndProject
Project("{9A19103F-16F7-4668-BE54-9A1E7A4F7556}") = "Ch05Ex10", "Ch05Ex10\Ch05Ex10.csproj", "{02269844-D4EA-4849-8E87-64E8C52CE899}"
EndProject
Project("{9A19103F-16F7-4668-BE54-9A1E7A4F7556}") = "Ch05Ex11", "Ch05Ex11\Ch05Ex11.csproj", "{EAB5696A-3163-46DA-AFFA-CF32A0C9690A}"
EndProject
Project("{9A19103F-16F7-4668-BE54-9A1E7A4F7556}") = "Ch05Ex12", "Ch05Ex12\Ch05Ex12.csproj", "{FA6E3F97-9CB3-4B22-8CC9-451D7C8D21D0}"
EndProject
Project("{9A19103F-16F7-4668-BE54-9A1E7A4F7556}") = "Ch05Ex13", "Ch05Ex13\Ch05Ex13.csproj", "{F22CB356-169F-4B24-A884-5FDC8D199FCB}"
EndProject
Project("{9A19103F-16F7-4668-BE54-9A1E7A4F7556}") = "Ch05Ex14", "Ch05Ex14\Ch05Ex14.csproj", "{B2B82839-6C3D-4112-8617-B9210EA55E0A}"
EndProject
Project("{9A19103F-16F7-4668-BE54-9A1E7A4F7556}") = "Ch05Ex16", "Ch05Ex16\Ch05Ex16.csproj", "{A0EFA191-225D-407E-9904-93A106E5DF26}"
EndProject
Project("{9A19103F-16F7-4668-BE54-9A1E7A4F7556}") = "md5jiaoyan", "md5jiaoyan\md5jiaoyan.csproj", "{D8F15C7E-3EF4-435A-9E0E-0ADA084C1135}"
EndProject
Project("{9A19103F-16F7-4668-BE54-9A1E7A4F7556}") = "stringToDatetime", "stringToDatetime\stringToDatetime.csproj", "{FFC4067F-54B6-41B1-A3D7-B1DEF604F646}"
EndProject
Project("{9A19103F-16F7-4668-BE54-9A1E7A4F7556}") = "Ch06Ex01", "Ch06Ex01\Ch06Ex01.csproj", "{C0DA712D-B4D4-42D2-8D09-2BD4FD4A11B4}"
EndProject
Project("{9A19103F-16F7-4668-BE54-9A1E7A4F7556}") = "Ch06Ex02", "Ch06Ex02\Ch06Ex02.csproj", "{0173F5BE-AA88-440C-877C-22B2C6F8CC48}"
EndProject
Project("{9A19103F-16F7-4668-BE54-9A1E7A4F7556}") = "Ch06Ex03", "Ch06Ex03\Ch06Ex03.csproj", "{DE786826-3549-49C4-8501-4EEB271037C4}"
EndProject
Project("{9A19103F-16F7-4668-BE54-9A1E7A4F7556}") = "Ch06Ex04", "Ch06Ex04\Ch06Ex04.csproj", "{A6C0B9F0-4340-4414-865A-E097B669257E}"
EndProject
Project("{9A19103F-16F7-4668-BE54-9A1E7A4F7556}") = "Ch06Ex05", "Ch06Ex05\Ch06Ex05.csproj", "{3F16C367-AF26-4A38-9C8C-957024EF0CF7}"
EndProject
Project("{9A19103F-16F7-4668-BE54-9A1E7A4F7556}") = "Ch06Ex06", "Ch06Ex06\Ch06Ex06.csproj", "{EF025931-59F8-484C-B45E-C9F68553A4FC}"
EndProject
Project("{9A19103F-16F7-4668-BE54-9A1E7A4F7556}") = "Ch06Ex07", "Ch06Ex07\Ch06Ex07.csproj", "{7920598C-6746-4F88-B9B4-FCFA0169E344}"
EndProject
Project("{9A19103F-16F7-4668-BE54-9A1E7A4F7556}") = "Ch06Ex08", "Ch06Ex08\Ch06Ex08.csproj", "{13C389A9-ABA2-40CF-A4C6-C77E8CDFB946}"
EndProject
Project("{9A19103F-16F7-4668-BE54-9A1E7A4F7556}") = "Ch07Ex01", "Ch07Ex01\Ch07Ex01.csproj", "{543DD587-2D41-4EC1-87A5-7DCC7FB9855E}"
EndProject
Project("{9A19103F-16F7-4668-BE54-9A1E7A4F7556}") = "Ch07Ex02", "Ch07Ex02\Ch07Ex02.csproj", "{89456C5F-20F7-4C01-BB38-CE965761AC33}"
EndProject
Project("{9A19103F-16F7-4668-BE54-9A1E7A4F7556}") = "Ch07Ex03", "Ch07Ex03\Ch07Ex03.csproj", "{D9E4458F-5600-4BFA-B37C-97775FF9C2FC}"
EndProject
Project("{9A19103F-16F7-4668-BE54-9A1E7A4F7556}") = "Ch07Ex04", "Ch07Ex04\Ch07Ex04.csproj", "{E7705C38-F81C-46D9-8CE7-01616BE21214}"
EndProject
Project("{9A19103F-16F7-4668-BE54-9A1E7A4F7556}") = "Ch08Ex01", "Ch08Ex01\Ch08Ex01.csproj", "{49D1D3D6-5FAF-4ECE-A167-23D7FA131A6E}"
EndProject
Project("{9A19103F-16F7-4668-BE54-9A1E7A4F7556}") = "Ch08Ex02", "Ch08Ex02\Ch08Ex02.csproj", "{EBBFB0AB-CEB8-453A-9AB6-8A185176B06C}"
EndProject
Project("{9A19103F-16F7-4668-BE54-9A1E7A4F7556}") = "Ch08Ex03", "Ch08Ex03\Ch08Ex03.csproj", "{E146CC1B-6E2E-430A-840D-A0CD79BE579A}"
EndProject
Project("{9A19103F-16F7-4668-BE54-9A1E7A4F7556}") = "Ch08Ex04", "Ch08Ex04\Ch08Ex04.csproj", "{91462CFA-F139-40ED-A403-80BFD4AAC037}"
EndProject
Project("{9A19103F-16F7-4668-BE54-9A1E7A4F7556}") = "Ch08Ex05", "Ch08Ex05\Ch08Ex05.csproj", "{D28F10CF-6B82-4E3F-A41C-07B553629F7A}"
EndProject
Project("{9A19103F-16F7-4668-BE54-9A1E7A4F7556}") = "Ch08Ex06", "Ch08Ex06\Ch08Ex06.csproj", "{E66BFE20-A65C-4E2F-B5A6-193CCF3ADDD3}"
EndProject
Project("{9A19103F-16F7-4668-BE54-9A1E7A4F7556}") = "Ch08Ex08", "Ch08Ex08\Ch08Ex08.csproj", "{4C7CE0F2-377B-497F-A1D9-6011036282E2}"
EndProject
Project("{9A19103F-16F7-4668-BE54-9A1E7A4F7556}") = "Ch09Ex01", "Ch09Ex01\Ch09Ex01.csproj", "{4D24BAB0-4CD2-4190-867E-CE6319DA62F3}"
EndProject
Project("{9A19103F-16F7-4668-BE54-9A1E7A4F7556}") = "Ch09Ex02", "Ch09Ex02\Ch09Ex02.csproj", "{4600CAD2-5070-4A64-85A9-057723DB7E85}"
EndProject
Project("{9A19103F-16F7-4668-BE54-9A1E7A4F7556}") = "Ch09Ex03", "Ch09Ex03\Ch09Ex03.csproj", "{D7FCC28C-A71A-4474-8C5B-7D22F7E991A2}"
EndProject
Project("{9A19103F-16F7-4668-BE54-9A1E7A4F7556}") = "Ch09Ex04", "Ch09Ex04\Ch09Ex04.csproj", "{D12E02F3-26CD-41E6-AB11-0B6C282FA3E0}"
EndProject
Project("{9A19103F-16F7-4668-BE54-9A1E7A4F7556}") = "Ch09Ex05", "Ch09Ex05\Ch09Ex05.csproj", "{90F11B8A-6E6A-40B7-9DE3-523FB9BBF3BA}"
EndProject
Project("{9A19103F-16F7-4668-BE54-9A1E7A4F7556}") = "Ch09Ex06", "Ch09Ex06\Ch09Ex06.csproj", "{5038EDF8-93C1-4BEA-92B3-65CF29BBC2A6}"
EndProject
Project("{9A19103F-16F7-4668-BE54-9A1E7A4F7556}") = "Ch09Ex07", "Ch09Ex07\Ch09Ex07.csproj", "{A65E4C18-5A08-41B6-838A-D34C255D2A92}"
EndProject
Project("{9A19103F-16F7-4668-BE54-9A1E7A4F7556}") = "fanxinglianbiao", "fanxinglianbiao\fanxinglianbiao.csproj", "{531D8ED6-5D6D-46B5-B40A-F6CDCE7E7AC2}"
EndProject
Project("{9A19103F-16F7-4668-BE54-9A1E7A4F7556}") = "shijian", "shijian\shijian.csproj", "{C3AEF6F8-E77B-4343-A50E-2B34BCEE9C78}"
EndProject
Project("{9A19103F-16F7-4668-BE54-9A1E7A4F7556}") = "Ch10Ex01", "Ch10Ex01\Ch10Ex01.csproj", "{EFB0D521-511F-40B0-ADFB-D810B087C8B8}"
EndProject
Project("{9A19103F-16F7-4668-BE54-9A1E7A4F7556}") = "rpc", "rpc\rpc.csproj", "{F7E9FB54-CAA0-4A44-B171-A6475E49B592}"
EndProject
Project("{9A19103F-16F7-4668-BE54-9A1E7A4F7556}") = "Ch11Ex01", "Ch11Ex01\Ch11Ex01.csproj", "{C9710A7C-DB67-4A67-B6B6-4A4A2A7693E2}"
EndProject
Project("{9A19103F-16F7-4668-BE54-9A1E7A4F7556}") = "Ch11Ex02", "Ch11Ex02\Ch11Ex02.csproj", "{84BD4DBB-00D1-4397-B7A4-FE4835EEE6DF}"
EndProject
Project("{9A19103F-16F7-4668-BE54-9A1E7A4F7556}") = "Ch11Ex03", "Ch11Ex03\Ch11Ex03.csproj", "{786EC010-D4E0-4FD1-82A6-AE9D46BBF697}"
EndProject
Project("{9A19103F-16F7-4668-BE54-9A1E7A4F7556}") = "Ch11Ex04", "Ch11Ex04\Ch11Ex04.csproj", "{0A033E5C-3068-47FB-8BF2-A2A3B55A89E3}"
EndProject
Project("{9A19103F-16F7-4668-BE54-9A1E7A4F7556}") = "ProcessAndThread00", "ConsoleApp2\ProcessAndThread00.csproj", "{7216EA9B-8118-40B7-9E2E-94082045E653}"
EndProject
Project("{9A19103F-16F7-4668-BE54-9A1E7A4F7556}") = "ProcessAndThread01", "ProcessAndThread\ProcessAndThread01.csproj", "{264A6473-0D5B-4088-88FE-538BBF913A32}"
EndProject
Project("{9A19103F-16F7-4668-BE54-9A1E7A4F7556}") = "ProcessAndTread02", "ProcessAndTread02\ProcessAndTread02.csproj", "{0F5298A1-37FB-4564-85B8-4202960E7618}"
EndProject
Global
	GlobalSection(SolutionConfigurationPlatforms) = preSolution
		Debug|Any CPU = Debug|Any CPU
		Release|Any CPU = Release|Any CPU
	EndGlobalSection
	GlobalSection(ProjectConfigurationPlatforms) = postSolution
		{A3A75EE9-0ABE-4F69-9572-F7F59B42941E}.Debug|Any CPU.ActiveCfg = Debug|Any CPU
		{A3A75EE9-0ABE-4F69-9572-F7F59B42941E}.Debug|Any CPU.Build.0 = Debug|Any CPU
		{A3A75EE9-0ABE-4F69-9572-F7F59B42941E}.Release|Any CPU.ActiveCfg = Release|Any CPU
		{A3A75EE9-0ABE-4F69-9572-F7F59B42941E}.Release|Any CPU.Build.0 = Release|Any CPU
		{E1C8A289-FDE6-45D9-B787-25DFE9255A64}.Debug|Any CPU.ActiveCfg = Debug|Any CPU
		{E1C8A289-FDE6-45D9-B787-25DFE9255A64}.Debug|Any CPU.Build.0 = Debug|Any CPU
		{E1C8A289-FDE6-45D9-B787-25DFE9255A64}.Release|Any CPU.ActiveCfg = Release|Any CPU
		{E1C8A289-FDE6-45D9-B787-25DFE9255A64}.Release|Any CPU.Build.0 = Release|Any CPU
		{1DF60851-B039-476B-8174-F89F65DBAF1F}.Debug|Any CPU.ActiveCfg = Debug|Any CPU
		{1DF60851-B039-476B-8174-F89F65DBAF1F}.Debug|Any CPU.Build.0 = Debug|Any CPU
		{1DF60851-B039-476B-8174-F89F65DBAF1F}.Release|Any CPU.ActiveCfg = Release|Any CPU
		{1DF60851-B039-476B-8174-F89F65DBAF1F}.Release|Any CPU.Build.0 = Release|Any CPU
		{5E354963-82BD-43D2-A65E-1423ABA8D2BB}.Debug|Any CPU.ActiveCfg = Debug|Any CPU
		{5E354963-82BD-43D2-A65E-1423ABA8D2BB}.Debug|Any CPU.Build.0 = Debug|Any CPU
		{5E354963-82BD-43D2-A65E-1423ABA8D2BB}.Release|Any CPU.ActiveCfg = Release|Any CPU
		{5E354963-82BD-43D2-A65E-1423ABA8D2BB}.Release|Any CPU.Build.0 = Release|Any CPU
		{899E7EAD-14E0-4A20-AE36-197893EFE46C}.Debug|Any CPU.ActiveCfg = Debug|Any CPU
		{899E7EAD-14E0-4A20-AE36-197893EFE46C}.Debug|Any CPU.Build.0 = Debug|Any CPU
		{899E7EAD-14E0-4A20-AE36-197893EFE46C}.Release|Any CPU.ActiveCfg = Release|Any CPU
		{899E7EAD-14E0-4A20-AE36-197893EFE46C}.Release|Any CPU.Build.0 = Release|Any CPU
		{051FBBAB-CB8B-4378-BEBD-857D29536FB7}.Debug|Any CPU.ActiveCfg = Debug|Any CPU
		{051FBBAB-CB8B-4378-BEBD-857D29536FB7}.Debug|Any CPU.Build.0 = Debug|Any CPU
		{051FBBAB-CB8B-4378-BEBD-857D29536FB7}.Release|Any CPU.ActiveCfg = Release|Any CPU
		{051FBBAB-CB8B-4378-BEBD-857D29536FB7}.Release|Any CPU.Build.0 = Release|Any CPU
		{C7DB0A93-11A3-4CE2-B822-F6B2245D5337}.Debug|Any CPU.ActiveCfg = Debug|Any CPU
		{C7DB0A93-11A3-4CE2-B822-F6B2245D5337}.Debug|Any CPU.Build.0 = Debug|Any CPU
		{C7DB0A93-11A3-4CE2-B822-F6B2245D5337}.Release|Any CPU.ActiveCfg = Release|Any CPU
		{C7DB0A93-11A3-4CE2-B822-F6B2245D5337}.Release|Any CPU.Build.0 = Release|Any CPU
		{10E9F663-BB81-4135-BFCE-7A12A867A635}.Debug|Any CPU.ActiveCfg = Debug|Any CPU
		{10E9F663-BB81-4135-BFCE-7A12A867A635}.Debug|Any CPU.Build.0 = Debug|Any CPU
		{10E9F663-BB81-4135-BFCE-7A12A867A635}.Release|Any CPU.ActiveCfg = Release|Any CPU
		{10E9F663-BB81-4135-BFCE-7A12A867A635}.Release|Any CPU.Build.0 = Release|Any CPU
		{9FDE3CD3-C1BF-48BB-99E9-217E49F41726}.Debug|Any CPU.ActiveCfg = Debug|Any CPU
		{9FDE3CD3-C1BF-48BB-99E9-217E49F41726}.Debug|Any CPU.Build.0 = Debug|Any CPU
		{9FDE3CD3-C1BF-48BB-99E9-217E49F41726}.Release|Any CPU.ActiveCfg = Release|Any CPU
		{9FDE3CD3-C1BF-48BB-99E9-217E49F41726}.Release|Any CPU.Build.0 = Release|Any CPU
		{99548455-EFBA-4CB5-9387-39B3AE4165E4}.Debug|Any CPU.ActiveCfg = Debug|Any CPU
		{99548455-EFBA-4CB5-9387-39B3AE4165E4}.Debug|Any CPU.Build.0 = Debug|Any CPU
		{99548455-EFBA-4CB5-9387-39B3AE4165E4}.Release|Any CPU.ActiveCfg = Release|Any CPU
		{99548455-EFBA-4CB5-9387-39B3AE4165E4}.Release|Any CPU.Build.0 = Release|Any CPU
		{D40FDCFE-001F-4A92-9EFE-48BDB311E0E8}.Debug|Any CPU.ActiveCfg = Debug|Any CPU
		{D40FDCFE-001F-4A92-9EFE-48BDB311E0E8}.Debug|Any CPU.Build.0 = Debug|Any CPU
		{D40FDCFE-001F-4A92-9EFE-48BDB311E0E8}.Release|Any CPU.ActiveCfg = Release|Any CPU
		{D40FDCFE-001F-4A92-9EFE-48BDB311E0E8}.Release|Any CPU.Build.0 = Release|Any CPU
		{64DB432D-8F3C-4466-A9E1-695FC146836D}.Debug|Any CPU.ActiveCfg = Debug|Any CPU
		{64DB432D-8F3C-4466-A9E1-695FC146836D}.Debug|Any CPU.Build.0 = Debug|Any CPU
		{64DB432D-8F3C-4466-A9E1-695FC146836D}.Release|Any CPU.ActiveCfg = Release|Any CPU
		{64DB432D-8F3C-4466-A9E1-695FC146836D}.Release|Any CPU.Build.0 = Release|Any CPU
		{320A8B4C-9734-4B05-A11D-93CF6A552EEF}.Debug|Any CPU.ActiveCfg = Debug|Any CPU
		{320A8B4C-9734-4B05-A11D-93CF6A552EEF}.Debug|Any CPU.Build.0 = Debug|Any CPU
		{320A8B4C-9734-4B05-A11D-93CF6A552EEF}.Release|Any CPU.ActiveCfg = Release|Any CPU
		{320A8B4C-9734-4B05-A11D-93CF6A552EEF}.Release|Any CPU.Build.0 = Release|Any CPU
		{F0E058FA-EE9B-42A3-A4B1-10B673C90A7D}.Debug|Any CPU.ActiveCfg = Debug|Any CPU
		{F0E058FA-EE9B-42A3-A4B1-10B673C90A7D}.Debug|Any CPU.Build.0 = Debug|Any CPU
		{F0E058FA-EE9B-42A3-A4B1-10B673C90A7D}.Release|Any CPU.ActiveCfg = Release|Any CPU
		{F0E058FA-EE9B-42A3-A4B1-10B673C90A7D}.Release|Any CPU.Build.0 = Release|Any CPU
		{18FDE5D9-69B6-4AB4-8581-1A043BA74ACE}.Debug|Any CPU.ActiveCfg = Debug|Any CPU
		{18FDE5D9-69B6-4AB4-8581-1A043BA74ACE}.Debug|Any CPU.Build.0 = Debug|Any CPU
		{18FDE5D9-69B6-4AB4-8581-1A043BA74ACE}.Release|Any CPU.ActiveCfg = Release|Any CPU
		{18FDE5D9-69B6-4AB4-8581-1A043BA74ACE}.Release|Any CPU.Build.0 = Release|Any CPU
		{1A7C3F36-2E1E-48D8-8B4B-D9AA500FC9AA}.Debug|Any CPU.ActiveCfg = Debug|Any CPU
		{1A7C3F36-2E1E-48D8-8B4B-D9AA500FC9AA}.Debug|Any CPU.Build.0 = Debug|Any CPU
		{1A7C3F36-2E1E-48D8-8B4B-D9AA500FC9AA}.Release|Any CPU.ActiveCfg = Release|Any CPU
		{1A7C3F36-2E1E-48D8-8B4B-D9AA500FC9AA}.Release|Any CPU.Build.0 = Release|Any CPU
		{C0AE4DEA-680E-49F1-BF72-0C37AE1F0BCA}.Debug|Any CPU.ActiveCfg = Debug|Any CPU
		{C0AE4DEA-680E-49F1-BF72-0C37AE1F0BCA}.Debug|Any CPU.Build.0 = Debug|Any CPU
		{C0AE4DEA-680E-49F1-BF72-0C37AE1F0BCA}.Release|Any CPU.ActiveCfg = Release|Any CPU
		{C0AE4DEA-680E-49F1-BF72-0C37AE1F0BCA}.Release|Any CPU.Build.0 = Release|Any CPU
		{50F08806-895F-4149-AEA1-39704F24A47B}.Debug|Any CPU.ActiveCfg = Debug|Any CPU
		{50F08806-895F-4149-AEA1-39704F24A47B}.Debug|Any CPU.Build.0 = Debug|Any CPU
		{50F08806-895F-4149-AEA1-39704F24A47B}.Release|Any CPU.ActiveCfg = Release|Any CPU
		{50F08806-895F-4149-AEA1-39704F24A47B}.Release|Any CPU.Build.0 = Release|Any CPU
		{C0FB72CB-817E-430E-A03D-7DFCCF0D471B}.Debug|Any CPU.ActiveCfg = Debug|Any CPU
		{C0FB72CB-817E-430E-A03D-7DFCCF0D471B}.Debug|Any CPU.Build.0 = Debug|Any CPU
		{C0FB72CB-817E-430E-A03D-7DFCCF0D471B}.Release|Any CPU.ActiveCfg = Release|Any CPU
		{C0FB72CB-817E-430E-A03D-7DFCCF0D471B}.Release|Any CPU.Build.0 = Release|Any CPU
		{0C8CC27D-9E5B-4307-BE12-476F84A1688E}.Debug|Any CPU.ActiveCfg = Debug|Any CPU
		{0C8CC27D-9E5B-4307-BE12-476F84A1688E}.Debug|Any CPU.Build.0 = Debug|Any CPU
		{0C8CC27D-9E5B-4307-BE12-476F84A1688E}.Release|Any CPU.ActiveCfg = Release|Any CPU
		{0C8CC27D-9E5B-4307-BE12-476F84A1688E}.Release|Any CPU.Build.0 = Release|Any CPU
		{BFD7D334-DC08-4F6D-BE50-4D593BA93079}.Debug|Any CPU.ActiveCfg = Debug|Any CPU
		{BFD7D334-DC08-4F6D-BE50-4D593BA93079}.Debug|Any CPU.Build.0 = Debug|Any CPU
		{BFD7D334-DC08-4F6D-BE50-4D593BA93079}.Release|Any CPU.ActiveCfg = Release|Any CPU
		{BFD7D334-DC08-4F6D-BE50-4D593BA93079}.Release|Any CPU.Build.0 = Release|Any CPU
		{02269844-D4EA-4849-8E87-64E8C52CE899}.Debug|Any CPU.ActiveCfg = Debug|Any CPU
		{02269844-D4EA-4849-8E87-64E8C52CE899}.Debug|Any CPU.Build.0 = Debug|Any CPU
		{02269844-D4EA-4849-8E87-64E8C52CE899}.Release|Any CPU.ActiveCfg = Release|Any CPU
		{02269844-D4EA-4849-8E87-64E8C52CE899}.Release|Any CPU.Build.0 = Release|Any CPU
		{EAB5696A-3163-46DA-AFFA-CF32A0C9690A}.Debug|Any CPU.ActiveCfg = Debug|Any CPU
		{EAB5696A-3163-46DA-AFFA-CF32A0C9690A}.Debug|Any CPU.Build.0 = Debug|Any CPU
		{EAB5696A-3163-46DA-AFFA-CF32A0C9690A}.Release|Any CPU.ActiveCfg = Release|Any CPU
		{EAB5696A-3163-46DA-AFFA-CF32A0C9690A}.Release|Any CPU.Build.0 = Release|Any CPU
		{FA6E3F97-9CB3-4B22-8CC9-451D7C8D21D0}.Debug|Any CPU.ActiveCfg = Debug|Any CPU
		{FA6E3F97-9CB3-4B22-8CC9-451D7C8D21D0}.Debug|Any CPU.Build.0 = Debug|Any CPU
		{FA6E3F97-9CB3-4B22-8CC9-451D7C8D21D0}.Release|Any CPU.ActiveCfg = Release|Any CPU
		{FA6E3F97-9CB3-4B22-8CC9-451D7C8D21D0}.Release|Any CPU.Build.0 = Release|Any CPU
		{F22CB356-169F-4B24-A884-5FDC8D199FCB}.Debug|Any CPU.ActiveCfg = Debug|Any CPU
		{F22CB356-169F-4B24-A884-5FDC8D199FCB}.Debug|Any CPU.Build.0 = Debug|Any CPU
		{F22CB356-169F-4B24-A884-5FDC8D199FCB}.Release|Any CPU.ActiveCfg = Release|Any CPU
		{F22CB356-169F-4B24-A884-5FDC8D199FCB}.Release|Any CPU.Build.0 = Release|Any CPU
		{B2B82839-6C3D-4112-8617-B9210EA55E0A}.Debug|Any CPU.ActiveCfg = Debug|Any CPU
		{B2B82839-6C3D-4112-8617-B9210EA55E0A}.Debug|Any CPU.Build.0 = Debug|Any CPU
		{B2B82839-6C3D-4112-8617-B9210EA55E0A}.Release|Any CPU.ActiveCfg = Release|Any CPU
		{B2B82839-6C3D-4112-8617-B9210EA55E0A}.Release|Any CPU.Build.0 = Release|Any CPU
		{A0EFA191-225D-407E-9904-93A106E5DF26}.Debug|Any CPU.ActiveCfg = Debug|Any CPU
		{A0EFA191-225D-407E-9904-93A106E5DF26}.Debug|Any CPU.Build.0 = Debug|Any CPU
		{A0EFA191-225D-407E-9904-93A106E5DF26}.Release|Any CPU.ActiveCfg = Release|Any CPU
		{A0EFA191-225D-407E-9904-93A106E5DF26}.Release|Any CPU.Build.0 = Release|Any CPU
		{D8F15C7E-3EF4-435A-9E0E-0ADA084C1135}.Debug|Any CPU.ActiveCfg = Debug|Any CPU
		{D8F15C7E-3EF4-435A-9E0E-0ADA084C1135}.Debug|Any CPU.Build.0 = Debug|Any CPU
		{D8F15C7E-3EF4-435A-9E0E-0ADA084C1135}.Release|Any CPU.ActiveCfg = Release|Any CPU
		{D8F15C7E-3EF4-435A-9E0E-0ADA084C1135}.Release|Any CPU.Build.0 = Release|Any CPU
		{FFC4067F-54B6-41B1-A3D7-B1DEF604F646}.Debug|Any CPU.ActiveCfg = Debug|Any CPU
		{FFC4067F-54B6-41B1-A3D7-B1DEF604F646}.Debug|Any CPU.Build.0 = Debug|Any CPU
		{FFC4067F-54B6-41B1-A3D7-B1DEF604F646}.Release|Any CPU.ActiveCfg = Release|Any CPU
		{FFC4067F-54B6-41B1-A3D7-B1DEF604F646}.Release|Any CPU.Build.0 = Release|Any CPU
		{C0DA712D-B4D4-42D2-8D09-2BD4FD4A11B4}.Debug|Any CPU.ActiveCfg = Debug|Any CPU
		{C0DA712D-B4D4-42D2-8D09-2BD4FD4A11B4}.Debug|Any CPU.Build.0 = Debug|Any CPU
		{C0DA712D-B4D4-42D2-8D09-2BD4FD4A11B4}.Release|Any CPU.ActiveCfg = Release|Any CPU
		{C0DA712D-B4D4-42D2-8D09-2BD4FD4A11B4}.Release|Any CPU.Build.0 = Release|Any CPU
		{0173F5BE-AA88-440C-877C-22B2C6F8CC48}.Debug|Any CPU.ActiveCfg = Debug|Any CPU
		{0173F5BE-AA88-440C-877C-22B2C6F8CC48}.Debug|Any CPU.Build.0 = Debug|Any CPU
		{0173F5BE-AA88-440C-877C-22B2C6F8CC48}.Release|Any CPU.ActiveCfg = Release|Any CPU
		{0173F5BE-AA88-440C-877C-22B2C6F8CC48}.Release|Any CPU.Build.0 = Release|Any CPU
		{DE786826-3549-49C4-8501-4EEB271037C4}.Debug|Any CPU.ActiveCfg = Debug|Any CPU
		{DE786826-3549-49C4-8501-4EEB271037C4}.Debug|Any CPU.Build.0 = Debug|Any CPU
		{DE786826-3549-49C4-8501-4EEB271037C4}.Release|Any CPU.ActiveCfg = Release|Any CPU
		{DE786826-3549-49C4-8501-4EEB271037C4}.Release|Any CPU.Build.0 = Release|Any CPU
		{A6C0B9F0-4340-4414-865A-E097B669257E}.Debug|Any CPU.ActiveCfg = Debug|Any CPU
		{A6C0B9F0-4340-4414-865A-E097B669257E}.Debug|Any CPU.Build.0 = Debug|Any CPU
		{A6C0B9F0-4340-4414-865A-E097B669257E}.Release|Any CPU.ActiveCfg = Release|Any CPU
		{A6C0B9F0-4340-4414-865A-E097B669257E}.Release|Any CPU.Build.0 = Release|Any CPU
		{3F16C367-AF26-4A38-9C8C-957024EF0CF7}.Debug|Any CPU.ActiveCfg = Debug|Any CPU
		{3F16C367-AF26-4A38-9C8C-957024EF0CF7}.Debug|Any CPU.Build.0 = Debug|Any CPU
		{3F16C367-AF26-4A38-9C8C-957024EF0CF7}.Release|Any CPU.ActiveCfg = Release|Any CPU
		{3F16C367-AF26-4A38-9C8C-957024EF0CF7}.Release|Any CPU.Build.0 = Release|Any CPU
		{EF025931-59F8-484C-B45E-C9F68553A4FC}.Debug|Any CPU.ActiveCfg = Debug|Any CPU
		{EF025931-59F8-484C-B45E-C9F68553A4FC}.Debug|Any CPU.Build.0 = Debug|Any CPU
		{EF025931-59F8-484C-B45E-C9F68553A4FC}.Release|Any CPU.ActiveCfg = Release|Any CPU
		{EF025931-59F8-484C-B45E-C9F68553A4FC}.Release|Any CPU.Build.0 = Release|Any CPU
		{7920598C-6746-4F88-B9B4-FCFA0169E344}.Debug|Any CPU.ActiveCfg = Debug|Any CPU
		{7920598C-6746-4F88-B9B4-FCFA0169E344}.Debug|Any CPU.Build.0 = Debug|Any CPU
		{7920598C-6746-4F88-B9B4-FCFA0169E344}.Release|Any CPU.ActiveCfg = Release|Any CPU
		{7920598C-6746-4F88-B9B4-FCFA0169E344}.Release|Any CPU.Build.0 = Release|Any CPU
		{13C389A9-ABA2-40CF-A4C6-C77E8CDFB946}.Debug|Any CPU.ActiveCfg = Debug|Any CPU
		{13C389A9-ABA2-40CF-A4C6-C77E8CDFB946}.Debug|Any CPU.Build.0 = Debug|Any CPU
		{13C389A9-ABA2-40CF-A4C6-C77E8CDFB946}.Release|Any CPU.ActiveCfg = Release|Any CPU
		{13C389A9-ABA2-40CF-A4C6-C77E8CDFB946}.Release|Any CPU.Build.0 = Release|Any CPU
		{543DD587-2D41-4EC1-87A5-7DCC7FB9855E}.Debug|Any CPU.ActiveCfg = Debug|Any CPU
		{543DD587-2D41-4EC1-87A5-7DCC7FB9855E}.Debug|Any CPU.Build.0 = Debug|Any CPU
		{543DD587-2D41-4EC1-87A5-7DCC7FB9855E}.Release|Any CPU.ActiveCfg = Release|Any CPU
		{543DD587-2D41-4EC1-87A5-7DCC7FB9855E}.Release|Any CPU.Build.0 = Release|Any CPU
		{89456C5F-20F7-4C01-BB38-CE965761AC33}.Debug|Any CPU.ActiveCfg = Debug|Any CPU
		{89456C5F-20F7-4C01-BB38-CE965761AC33}.Debug|Any CPU.Build.0 = Debug|Any CPU
		{89456C5F-20F7-4C01-BB38-CE965761AC33}.Release|Any CPU.ActiveCfg = Release|Any CPU
		{89456C5F-20F7-4C01-BB38-CE965761AC33}.Release|Any CPU.Build.0 = Release|Any CPU
		{D9E4458F-5600-4BFA-B37C-97775FF9C2FC}.Debug|Any CPU.ActiveCfg = Debug|Any CPU
		{D9E4458F-5600-4BFA-B37C-97775FF9C2FC}.Debug|Any CPU.Build.0 = Debug|Any CPU
		{D9E4458F-5600-4BFA-B37C-97775FF9C2FC}.Release|Any CPU.ActiveCfg = Release|Any CPU
		{D9E4458F-5600-4BFA-B37C-97775FF9C2FC}.Release|Any CPU.Build.0 = Release|Any CPU
		{E7705C38-F81C-46D9-8CE7-01616BE21214}.Debug|Any CPU.ActiveCfg = Debug|Any CPU
		{E7705C38-F81C-46D9-8CE7-01616BE21214}.Debug|Any CPU.Build.0 = Debug|Any CPU
		{E7705C38-F81C-46D9-8CE7-01616BE21214}.Release|Any CPU.ActiveCfg = Release|Any CPU
		{E7705C38-F81C-46D9-8CE7-01616BE21214}.Release|Any CPU.Build.0 = Release|Any CPU
		{49D1D3D6-5FAF-4ECE-A167-23D7FA131A6E}.Debug|Any CPU.ActiveCfg = Debug|Any CPU
		{49D1D3D6-5FAF-4ECE-A167-23D7FA131A6E}.Debug|Any CPU.Build.0 = Debug|Any CPU
		{49D1D3D6-5FAF-4ECE-A167-23D7FA131A6E}.Release|Any CPU.ActiveCfg = Release|Any CPU
		{49D1D3D6-5FAF-4ECE-A167-23D7FA131A6E}.Release|Any CPU.Build.0 = Release|Any CPU
		{EBBFB0AB-CEB8-453A-9AB6-8A185176B06C}.Debug|Any CPU.ActiveCfg = Debug|Any CPU
		{EBBFB0AB-CEB8-453A-9AB6-8A185176B06C}.Debug|Any CPU.Build.0 = Debug|Any CPU
		{EBBFB0AB-CEB8-453A-9AB6-8A185176B06C}.Release|Any CPU.ActiveCfg = Release|Any CPU
		{EBBFB0AB-CEB8-453A-9AB6-8A185176B06C}.Release|Any CPU.Build.0 = Release|Any CPU
		{E146CC1B-6E2E-430A-840D-A0CD79BE579A}.Debug|Any CPU.ActiveCfg = Debug|Any CPU
		{E146CC1B-6E2E-430A-840D-A0CD79BE579A}.Debug|Any CPU.Build.0 = Debug|Any CPU
		{E146CC1B-6E2E-430A-840D-A0CD79BE579A}.Release|Any CPU.ActiveCfg = Release|Any CPU
		{E146CC1B-6E2E-430A-840D-A0CD79BE579A}.Release|Any CPU.Build.0 = Release|Any CPU
		{91462CFA-F139-40ED-A403-80BFD4AAC037}.Debug|Any CPU.ActiveCfg = Debug|Any CPU
		{91462CFA-F139-40ED-A403-80BFD4AAC037}.Debug|Any CPU.Build.0 = Debug|Any CPU
		{91462CFA-F139-40ED-A403-80BFD4AAC037}.Release|Any CPU.ActiveCfg = Release|Any CPU
		{91462CFA-F139-40ED-A403-80BFD4AAC037}.Release|Any CPU.Build.0 = Release|Any CPU
		{D28F10CF-6B82-4E3F-A41C-07B553629F7A}.Debug|Any CPU.ActiveCfg = Debug|Any CPU
		{D28F10CF-6B82-4E3F-A41C-07B553629F7A}.Debug|Any CPU.Build.0 = Debug|Any CPU
		{D28F10CF-6B82-4E3F-A41C-07B553629F7A}.Release|Any CPU.ActiveCfg = Release|Any CPU
		{D28F10CF-6B82-4E3F-A41C-07B553629F7A}.Release|Any CPU.Build.0 = Release|Any CPU
		{E66BFE20-A65C-4E2F-B5A6-193CCF3ADDD3}.Debug|Any CPU.ActiveCfg = Debug|Any CPU
		{E66BFE20-A65C-4E2F-B5A6-193CCF3ADDD3}.Debug|Any CPU.Build.0 = Debug|Any CPU
		{E66BFE20-A65C-4E2F-B5A6-193CCF3ADDD3}.Release|Any CPU.ActiveCfg = Release|Any CPU
		{E66BFE20-A65C-4E2F-B5A6-193CCF3ADDD3}.Release|Any CPU.Build.0 = Release|Any CPU
		{4C7CE0F2-377B-497F-A1D9-6011036282E2}.Debug|Any CPU.ActiveCfg = Debug|Any CPU
		{4C7CE0F2-377B-497F-A1D9-6011036282E2}.Debug|Any CPU.Build.0 = Debug|Any CPU
		{4C7CE0F2-377B-497F-A1D9-6011036282E2}.Release|Any CPU.ActiveCfg = Release|Any CPU
		{4C7CE0F2-377B-497F-A1D9-6011036282E2}.Release|Any CPU.Build.0 = Release|Any CPU
		{4D24BAB0-4CD2-4190-867E-CE6319DA62F3}.Debug|Any CPU.ActiveCfg = Debug|Any CPU
		{4D24BAB0-4CD2-4190-867E-CE6319DA62F3}.Debug|Any CPU.Build.0 = Debug|Any CPU
		{4D24BAB0-4CD2-4190-867E-CE6319DA62F3}.Release|Any CPU.ActiveCfg = Release|Any CPU
		{4D24BAB0-4CD2-4190-867E-CE6319DA62F3}.Release|Any CPU.Build.0 = Release|Any CPU
		{4600CAD2-5070-4A64-85A9-057723DB7E85}.Debug|Any CPU.ActiveCfg = Debug|Any CPU
		{4600CAD2-5070-4A64-85A9-057723DB7E85}.Debug|Any CPU.Build.0 = Debug|Any CPU
		{4600CAD2-5070-4A64-85A9-057723DB7E85}.Release|Any CPU.ActiveCfg = Release|Any CPU
		{4600CAD2-5070-4A64-85A9-057723DB7E85}.Release|Any CPU.Build.0 = Release|Any CPU
		{D7FCC28C-A71A-4474-8C5B-7D22F7E991A2}.Debug|Any CPU.ActiveCfg = Debug|Any CPU
		{D7FCC28C-A71A-4474-8C5B-7D22F7E991A2}.Debug|Any CPU.Build.0 = Debug|Any CPU
		{D7FCC28C-A71A-4474-8C5B-7D22F7E991A2}.Release|Any CPU.ActiveCfg = Release|Any CPU
		{D7FCC28C-A71A-4474-8C5B-7D22F7E991A2}.Release|Any CPU.Build.0 = Release|Any CPU
		{D12E02F3-26CD-41E6-AB11-0B6C282FA3E0}.Debug|Any CPU.ActiveCfg = Debug|Any CPU
		{D12E02F3-26CD-41E6-AB11-0B6C282FA3E0}.Debug|Any CPU.Build.0 = Debug|Any CPU
		{D12E02F3-26CD-41E6-AB11-0B6C282FA3E0}.Release|Any CPU.ActiveCfg = Release|Any CPU
		{D12E02F3-26CD-41E6-AB11-0B6C282FA3E0}.Release|Any CPU.Build.0 = Release|Any CPU
		{90F11B8A-6E6A-40B7-9DE3-523FB9BBF3BA}.Debug|Any CPU.ActiveCfg = Debug|Any CPU
		{90F11B8A-6E6A-40B7-9DE3-523FB9BBF3BA}.Debug|Any CPU.Build.0 = Debug|Any CPU
		{90F11B8A-6E6A-40B7-9DE3-523FB9BBF3BA}.Release|Any CPU.ActiveCfg = Release|Any CPU
		{90F11B8A-6E6A-40B7-9DE3-523FB9BBF3BA}.Release|Any CPU.Build.0 = Release|Any CPU
		{5038EDF8-93C1-4BEA-92B3-65CF29BBC2A6}.Debug|Any CPU.ActiveCfg = Debug|Any CPU
		{5038EDF8-93C1-4BEA-92B3-65CF29BBC2A6}.Debug|Any CPU.Build.0 = Debug|Any CPU
		{5038EDF8-93C1-4BEA-92B3-65CF29BBC2A6}.Release|Any CPU.ActiveCfg = Release|Any CPU
		{5038EDF8-93C1-4BEA-92B3-65CF29BBC2A6}.Release|Any CPU.Build.0 = Release|Any CPU
		{A65E4C18-5A08-41B6-838A-D34C255D2A92}.Debug|Any CPU.ActiveCfg = Debug|Any CPU
		{A65E4C18-5A08-41B6-838A-D34C255D2A92}.Debug|Any CPU.Build.0 = Debug|Any CPU
		{A65E4C18-5A08-41B6-838A-D34C255D2A92}.Release|Any CPU.ActiveCfg = Release|Any CPU
		{A65E4C18-5A08-41B6-838A-D34C255D2A92}.Release|Any CPU.Build.0 = Release|Any CPU
		{531D8ED6-5D6D-46B5-B40A-F6CDCE7E7AC2}.Debug|Any CPU.ActiveCfg = Debug|Any CPU
		{531D8ED6-5D6D-46B5-B40A-F6CDCE7E7AC2}.Debug|Any CPU.Build.0 = Debug|Any CPU
		{531D8ED6-5D6D-46B5-B40A-F6CDCE7E7AC2}.Release|Any CPU.ActiveCfg = Release|Any CPU
		{531D8ED6-5D6D-46B5-B40A-F6CDCE7E7AC2}.Release|Any CPU.Build.0 = Release|Any CPU
		{C3AEF6F8-E77B-4343-A50E-2B34BCEE9C78}.Debug|Any CPU.ActiveCfg = Debug|Any CPU
		{C3AEF6F8-E77B-4343-A50E-2B34BCEE9C78}.Debug|Any CPU.Build.0 = Debug|Any CPU
		{C3AEF6F8-E77B-4343-A50E-2B34BCEE9C78}.Release|Any CPU.ActiveCfg = Release|Any CPU
		{C3AEF6F8-E77B-4343-A50E-2B34BCEE9C78}.Release|Any CPU.Build.0 = Release|Any CPU
		{EFB0D521-511F-40B0-ADFB-D810B087C8B8}.Debug|Any CPU.ActiveCfg = Debug|Any CPU
		{EFB0D521-511F-40B0-ADFB-D810B087C8B8}.Debug|Any CPU.Build.0 = Debug|Any CPU
		{EFB0D521-511F-40B0-ADFB-D810B087C8B8}.Release|Any CPU.ActiveCfg = Release|Any CPU
		{EFB0D521-511F-40B0-ADFB-D810B087C8B8}.Release|Any CPU.Build.0 = Release|Any CPU
		{F7E9FB54-CAA0-4A44-B171-A6475E49B592}.Debug|Any CPU.ActiveCfg = Debug|Any CPU
		{F7E9FB54-CAA0-4A44-B171-A6475E49B592}.Debug|Any CPU.Build.0 = Debug|Any CPU
		{F7E9FB54-CAA0-4A44-B171-A6475E49B592}.Release|Any CPU.ActiveCfg = Release|Any CPU
		{F7E9FB54-CAA0-4A44-B171-A6475E49B592}.Release|Any CPU.Build.0 = Release|Any CPU
		{C9710A7C-DB67-4A67-B6B6-4A4A2A7693E2}.Debug|Any CPU.ActiveCfg = Debug|Any CPU
		{C9710A7C-DB67-4A67-B6B6-4A4A2A7693E2}.Debug|Any CPU.Build.0 = Debug|Any CPU
		{C9710A7C-DB67-4A67-B6B6-4A4A2A7693E2}.Release|Any CPU.ActiveCfg = Release|Any CPU
		{C9710A7C-DB67-4A67-B6B6-4A4A2A7693E2}.Release|Any CPU.Build.0 = Release|Any CPU
		{84BD4DBB-00D1-4397-B7A4-FE4835EEE6DF}.Debug|Any CPU.ActiveCfg = Debug|Any CPU
		{84BD4DBB-00D1-4397-B7A4-FE4835EEE6DF}.Debug|Any CPU.Build.0 = Debug|Any CPU
		{84BD4DBB-00D1-4397-B7A4-FE4835EEE6DF}.Release|Any CPU.ActiveCfg = Release|Any CPU
		{84BD4DBB-00D1-4397-B7A4-FE4835EEE6DF}.Release|Any CPU.Build.0 = Release|Any CPU
		{786EC010-D4E0-4FD1-82A6-AE9D46BBF697}.Debug|Any CPU.ActiveCfg = Debug|Any CPU
		{786EC010-D4E0-4FD1-82A6-AE9D46BBF697}.Debug|Any CPU.Build.0 = Debug|Any CPU
		{786EC010-D4E0-4FD1-82A6-AE9D46BBF697}.Release|Any CPU.ActiveCfg = Release|Any CPU
		{786EC010-D4E0-4FD1-82A6-AE9D46BBF697}.Release|Any CPU.Build.0 = Release|Any CPU
		{0A033E5C-3068-47FB-8BF2-A2A3B55A89E3}.Debug|Any CPU.ActiveCfg = Debug|Any CPU
		{0A033E5C-3068-47FB-8BF2-A2A3B55A89E3}.Debug|Any CPU.Build.0 = Debug|Any CPU
		{0A033E5C-3068-47FB-8BF2-A2A3B55A89E3}.Release|Any CPU.ActiveCfg = Release|Any CPU
		{0A033E5C-3068-47FB-8BF2-A2A3B55A89E3}.Release|Any CPU.Build.0 = Release|Any CPU
		{7216EA9B-8118-40B7-9E2E-94082045E653}.Debug|Any CPU.ActiveCfg = Debug|Any CPU
		{7216EA9B-8118-40B7-9E2E-94082045E653}.Debug|Any CPU.Build.0 = Debug|Any CPU
		{7216EA9B-8118-40B7-9E2E-94082045E653}.Release|Any CPU.ActiveCfg = Release|Any CPU
		{7216EA9B-8118-40B7-9E2E-94082045E653}.Release|Any CPU.Build.0 = Release|Any CPU
		{264A6473-0D5B-4088-88FE-538BBF913A32}.Debug|Any CPU.ActiveCfg = Debug|Any CPU
		{264A6473-0D5B-4088-88FE-538BBF913A32}.Debug|Any CPU.Build.0 = Debug|Any CPU
		{264A6473-0D5B-4088-88FE-538BBF913A32}.Release|Any CPU.ActiveCfg = Release|Any CPU
		{264A6473-0D5B-4088-88FE-538BBF913A32}.Release|Any CPU.Build.0 = Release|Any CPU
		{0F5298A1-37FB-4564-85B8-4202960E7618}.Debug|Any CPU.ActiveCfg = Debug|Any CPU
		{0F5298A1-37FB-4564-85B8-4202960E7618}.Debug|Any CPU.Build.0 = Debug|Any CPU
		{0F5298A1-37FB-4564-85B8-4202960E7618}.Release|Any CPU.ActiveCfg = Release|Any CPU
		{0F5298A1-37FB-4564-85B8-4202960E7618}.Release|Any CPU.Build.0 = Release|Any CPU
	EndGlobalSection
	GlobalSection(SolutionProperties) = preSolution
		HideSolutionNode = FALSE
	EndGlobalSection
	GlobalSection(ExtensibilityGlobals) = postSolution
		SolutionGuid = {9BBE9902-4D7E-421F-94AF-2B83879EB0F8}
	EndGlobalSection
EndGlobal
